
Microsoft Visual Studio Solution File, Format Version 12.00
# Visual Studio Version 17
VisualStudioVersion = 17.5.33627.172
MinimumVisualStudioVersion = 10.0.40219.1
Project("{9A19103F-16F7-4668-BE54-9A1E7A4F7556}") = "Database", "Database\Database.csproj", "{B0972D3B-01A7-4354-99F4-7ECAD74E71C9}"
EndProject
Project("{9A19103F-16F7-4668-BE54-9A1E7A4F7556}") = "API", "API\API.csproj", "{0A876293-8743-4662-A92F-C07C696ED496}"
EndProject
Project("{9A19103F-16F7-4668-BE54-9A1E7A4F7556}") = "API2", "API2\API2.csproj", "{9DBEF1A1-56CA-4BA0-9DEE-68A526C61124}"
EndProject
Project("{9A19103F-16F7-4668-BE54-9A1E7A4F7556}") = "EFCore", "EFCore\EFCore.csproj", "{2EEF4540-C388-4902-B385-F5CC73D921FF}"
EndProject
Project("{FAE04EC0-301F-11D3-BF4B-00C04F79EFBC}") = "EFCore2", "EFCore2\EFCore2.csproj", "{8B926938-138D-4453-A3B8-D22C118411C2}"
EndProject
Global
	GlobalSection(SolutionConfigurationPlatforms) = preSolution
		Debug|Any CPU = Debug|Any CPU
		Release|Any CPU = Release|Any CPU
	EndGlobalSection
	GlobalSection(ProjectConfigurationPlatforms) = postSolution
		{B0972D3B-01A7-4354-99F4-7ECAD74E71C9}.Debug|Any CPU.ActiveCfg = Debug|Any CPU
		{B0972D3B-01A7-4354-99F4-7ECAD74E71C9}.Debug|Any CPU.Build.0 = Debug|Any CPU
		{B0972D3B-01A7-4354-99F4-7ECAD74E71C9}.Release|Any CPU.ActiveCfg = Release|Any CPU
		{B0972D3B-01A7-4354-99F4-7ECAD74E71C9}.Release|Any CPU.Build.0 = Release|Any CPU
		{0A876293-8743-4662-A92F-C07C696ED496}.Debug|Any CPU.ActiveCfg = Debug|Any CPU
		{0A876293-8743-4662-A92F-C07C696ED496}.Debug|Any CPU.Build.0 = Debug|Any CPU
		{0A876293-8743-4662-A92F-C07C696ED496}.Release|Any CPU.ActiveCfg = Release|Any CPU
		{0A876293-8743-4662-A92F-C07C696ED496}.Release|Any CPU.Build.0 = Release|Any CPU
		{9DBEF1A1-56CA-4BA0-9DEE-68A526C61124}.Debug|Any CPU.ActiveCfg = Debug|Any CPU
		{9DBEF1A1-56CA-4BA0-9DEE-68A526C61124}.Debug|Any CPU.Build.0 = Debug|Any CPU
		{9DBEF1A1-56CA-4BA0-9DEE-68A526C61124}.Release|Any CPU.ActiveCfg = Release|Any CPU
		{9DBEF1A1-56CA-4BA0-9DEE-68A526C61124}.Release|Any CPU.Build.0 = Release|Any CPU
		{2EEF4540-C388-4902-B385-F5CC73D921FF}.Debug|Any CPU.ActiveCfg = Debug|Any CPU
		{2EEF4540-C388-4902-B385-F5CC73D921FF}.Debug|Any CPU.Build.0 = Debug|Any CPU
		{2EEF4540-C388-4902-B385-F5CC73D921FF}.Release|Any CPU.ActiveCfg = Release|Any CPU
		{2EEF4540-C388-4902-B385-F5CC73D921FF}.Release|Any CPU.Build.0 = Release|Any CPU
		{8B926938-138D-4453-A3B8-D22C118411C2}.Debug|Any CPU.ActiveCfg = Debug|Any CPU
		{8B926938-138D-4453-A3B8-D22C118411C2}.Debug|Any CPU.Build.0 = Debug|Any CPU
		{8B926938-138D-4453-A3B8-D22C118411C2}.Release|Any CPU.ActiveCfg = Release|Any CPU
		{8B926938-138D-4453-A3B8-D22C118411C2}.Release|Any CPU.Build.0 = Release|Any CPU
	EndGlobalSection
	GlobalSection(SolutionProperties) = preSolution
		HideSolutionNode = FALSE
	EndGlobalSection
	GlobalSection(ExtensibilityGlobals) = postSolution
		SolutionGuid = {E363FB86-A96F-4DDA-8B97-21F76C9F3286}
	EndGlobalSection
EndGlobal
